
Microsoft Visual Studio Solution File, Format Version 12.00
# Visual Studio 14
VisualStudioVersion = 14.0.25420.1
MinimumVisualStudioVersion = 10.0.40219.1
Project("{FAE04EC0-301F-11D3-BF4B-00C04F79EFBC}") = "NguyenMinhHung_Lab456", "NguyenMinhHung_Lab456\NguyenMinhHung_Lab456.csproj", "{63F679DF-D1A2-41D4-BAD5-A9E0AB906C02}"
EndProject
Global
	GlobalSection(SolutionConfigurationPlatforms) = preSolution
		Debug|Any CPU = Debug|Any CPU
		Release|Any CPU = Release|Any CPU
	EndGlobalSection
	GlobalSection(ProjectConfigurationPlatforms) = postSolution
		{63F679DF-D1A2-41D4-BAD5-A9E0AB906C02}.Debug|Any CPU.ActiveCfg = Debug|Any CPU
		{63F679DF-D1A2-41D4-BAD5-A9E0AB906C02}.Debug|Any CPU.Build.0 = Debug|Any CPU
		{63F679DF-D1A2-41D4-BAD5-A9E0AB906C02}.Release|Any CPU.ActiveCfg = Release|Any CPU
		{63F679DF-D1A2-41D4-BAD5-A9E0AB906C02}.Release|Any CPU.Build.0 = Release|Any CPU
	EndGlobalSection
	GlobalSection(SolutionProperties) = preSolution
		HideSolutionNode = FALSE
	EndGlobalSection
EndGlobal
